{
  "name": "bleex",
  "version": "1.0.0",
  "lockfileVersion": 2,
  "requires": true,
  "packages": {
    "": {
      "name": "bleex",
      "version": "1.0.0",
      "license": "ISC",
      "dependencies": {
        "bleno": "^0.5.0",
        "colors": "^1.4.0",
        "colors.js": "^1.2.4",
        "crc": "^4.3.2",
        "noble": "^1.9.1"
      }
    },
    "node_modules/bleno": {
      "version": "0.5.0",
      "resolved": "http://192.168.3.117/bleno/-/bleno-0.5.0.tgz",
      "integrity": "sha512-oH/iddkMIMoW0HgzhN32My+qUCz1sKSQsAvIiDFaeY8RGnZ/S08Xgo2XWwhWSaA9bVsVjY3zmbeaQ55H+W+zBQ==",
      "license": "MIT",
      "os": [
        "darwin",
        "linux",
        "android",
        "freebsd",
        "win32"
      ],
      "dependencies": {
        "debug": "^2.2.0"
      },
      "engines": {
        "node": ">=0.8"
      },
      "optionalDependencies": {
        "bluetooth-hci-socket": "^0.5.1",
        "bplist-parser": "0.0.6",
        "xpc-connection": "~0.1.4"
      }
    },
    "node_modules/bluetooth-hci-socket": {
      "version": "0.5.1",
      "resolved": "http://192.168.3.117/bluetooth-hci-socket/-/bluetooth-hci-socket-0.5.1.tgz",
      "integrity": "sha512-5/cPO2R+X4UXLudZOevREf3kwyCNCVovA9rcXk5smBgx+q/sIucfkC6F57+xWR5X17bY931w6bB2EUaPh9ArfQ==",
      "hasInstallScript": true,
      "license": "MIT",
      "optional": true,
      "os": [
        "linux",
        "android",
        "win32"
      ],
      "dependencies": {
        "debug": "^2.2.0",
        "nan": "^2.0.5"
      },
      "optionalDependencies": {
        "usb": "^1.1.0"
      }
    },
    "node_modules/bplist-parser": {
      "version": "0.0.6",
      "resolved": "http://192.168.3.117/bplist-parser/-/bplist-parser-0.0.6.tgz",
      "integrity": "sha512-fGeghPEH4Eytvf+Mi446aKcDqvkA/+eh6r7QGiZWMQG6TzqrnsToLP379XFfqRSZ41+676hhGIm++maNST1Apw==",
      "license": "MIT",
      "optional": true
    },
    "node_modules/colors": {
      "version": "1.4.0",
      "resolved": "http://192.168.3.117/colors/-/colors-1.4.0.tgz",
      "integrity": "sha512-a+UqTh4kgZg/SlGvfbzDHpgRu7AAQOmmqRHJnxhRZICKFUT91brVhNNt58CMWU9PsBbv3PDCZUHbVxuDiH2mtA==",
      "license": "MIT",
      "engines": {
        "node": ">=0.1.90"
      }
    },
    "node_modules/colors.js": {
      "version": "1.2.4",
      "resolved": "http://192.168.3.117/colors.js/-/colors.js-1.2.4.tgz",
      "integrity": "sha512-L0WwXcT55bCbziygKNCYRBfCpSqoDSFTFJ+8PlDBrDB3cyMd9QmAXGNkvNR9ptd5tUXpkHzjBYI7u2I9beW6Cg==",
      "license": "MIT"
    },
    "node_modules/crc": {
      "version": "4.3.2",
      "resolved": "http://192.168.3.117/crc/-/crc-4.3.2.tgz",
      "integrity": "sha512-uGDHf4KLLh2zsHa8D8hIQ1H/HtFQhyHrc0uhHBcoKGol/Xnb+MPYfUMw7cvON6ze/GUESTudKayDcJC5HnJv1A==",
      "license": "MIT",
      "engines": {
        "node": ">=12"
      },
      "peerDependencies": {
        "buffer": ">=6.0.3"
      },
      "peerDependenciesMeta": {
        "buffer": {
          "optional": true
        }
      }
    },
    "node_modules/debug": {
      "version": "2.2.0",
      "resolved": "http://192.168.3.117/debug/-/debug-2.2.0.tgz",
      "integrity": "sha1-+HBX6ZWxofauaklgZkE3vFbwOdo=",
      "license": "MIT",
      "dependencies": {
        "ms": "0.7.1"
      }
    },
    "node_modules/ms": {
      "version": "0.7.1",
      "resolved": "http://192.168.3.117/ms/-/ms-0.7.1.tgz",
      "integrity": "sha1-nNE8A62/8ltl7/3nzoZO6VIBcJg="
    },
    "node_modules/nan": {
      "version": "2.17.0",
      "resolved": "http://192.168.3.117/nan/-/nan-2.17.0.tgz",
      "integrity": "sha512-2ZTgtl0nJsO0KQCjEpxcIr5D+Yv90plTitZt9JBfQvVJDS5seMl3FOvsh3+9CoYWXf/1l5OaZzzF6nDm4cagaQ==",
      "license": "MIT",
      "optional": true
    },
    "node_modules/noble": {
      "version": "1.9.1",
      "resolved": "http://192.168.3.117/noble/-/noble-1.9.1.tgz",
      "integrity": "sha512-5sbPLvCh1zJqy5caq+oQQE9eYoXB/ePweLWuN8UeapWO6KgFu4SS0VeLmYc23HTfWAXKb/ey6rtEvHwn9aY5Iw==",
      "license": "MIT",
      "os": [
        "darwin",
        "linux",
        "freebsd",
        "win32"
      ],
      "dependencies": {
        "debug": "~2.2.0"
      },
      "engines": {
        "node": ">=0.8"
      },
      "optionalDependencies": {
        "bluetooth-hci-socket": "^0.5.1",
        "bplist-parser": "0.0.6",
        "xpc-connection": "~0.1.4"
      }
    },
    "node_modules/node-addon-api": {
      "version": "4.3.0",
      "resolved": "http://192.168.3.117/node-addon-api/-/node-addon-api-4.3.0.tgz",
      "integrity": "sha512-73sE9+3UaLYYFmDsFZnqCInzPyh3MqIwZO9cw58yIqAZhONrrabrYyYe3TuIqtIiOuTXVhsGau8hcrhhwSsDIQ==",
      "license": "MIT",
      "optional": true
    },
    "node_modules/node-gyp-build": {
      "version": "4.6.0",
      "resolved": "http://192.168.3.117/node-gyp-build/-/node-gyp-build-4.6.0.tgz",
      "integrity": "sha512-NTZVKn9IylLwUzaKjkas1e4u2DLNcV4rdYagA4PWdPwW87Bi7z+BznyKSRwS/761tV/lzCGXplWsiaMjLqP2zQ==",
      "license": "MIT",
      "optional": true,
      "bin": {
        "node-gyp-build": "bin.js",
        "node-gyp-build-optional": "optional.js",
        "node-gyp-build-test": "build-test.js"
      }
    },
    "node_modules/usb": {
      "version": "1.9.2",
      "resolved": "http://192.168.3.117/usb/-/usb-1.9.2.tgz",
      "integrity": "sha512-dryNz030LWBPAf6gj8vyq0Iev3vPbCLHCT8dBw3gQRXRzVNsIdeuU+VjPp3ksmSPkeMAl1k+kQ14Ij0QHyeiAg==",
      "hasInstallScript": true,
      "license": "MIT",
      "optional": true,
      "dependencies": {
        "node-addon-api": "^4.2.0",
        "node-gyp-build": "^4.3.0"
      },
      "engines": {
        "node": ">=10.16.0"
      }
    },
    "node_modules/xpc-connection": {
      "version": "0.1.4",
      "resolved": "http://192.168.3.117/xpc-connection/-/xpc-connection-0.1.4.tgz",
      "integrity": "sha512-Np4+cx5l9zhSNrH5O5niVqVT0vBnja4IG5CxuBgCvTdWGiyujRwUTSj/FtT66KX84/MMCKpt5wIcuORBMFT6qQ==",
      "hasInstallScript": true,
      "license": "MIT",
      "optional": true,
      "os": [
        "darwin"
      ],
      "dependencies": {
        "nan": "^2.0.5"
      },
      "engines": {
        "node": ">=0.8"
      }
    }
  },
  "dependencies": {
    "bleno": {
      "version": "0.5.0",
      "resolved": "http://192.168.3.117/bleno/-/bleno-0.5.0.tgz",
      "integrity": "sha512-oH/iddkMIMoW0HgzhN32My+qUCz1sKSQsAvIiDFaeY8RGnZ/S08Xgo2XWwhWSaA9bVsVjY3zmbeaQ55H+W+zBQ==",
      "requires": {
        "bluetooth-hci-socket": "^0.5.1",
        "bplist-parser": "0.0.6",
        "debug": "^2.2.0",
        "xpc-connection": "~0.1.4"
      }
    },
    "bluetooth-hci-socket": {
      "version": "0.5.1",
      "resolved": "http://192.168.3.117/bluetooth-hci-socket/-/bluetooth-hci-socket-0.5.1.tgz",
      "integrity": "sha512-5/cPO2R+X4UXLudZOevREf3kwyCNCVovA9rcXk5smBgx+q/sIucfkC6F57+xWR5X17bY931w6bB2EUaPh9ArfQ==",
      "optional": true,
      "requires": {
        "debug": "^2.2.0",
        "nan": "^2.0.5",
        "usb": "^1.1.0"
      }
    },
    "bplist-parser": {
      "version": "0.0.6",
      "resolved": "http://192.168.3.117/bplist-parser/-/bplist-parser-0.0.6.tgz",
      "integrity": "sha512-fGeghPEH4Eytvf+Mi446aKcDqvkA/+eh6r7QGiZWMQG6TzqrnsToLP379XFfqRSZ41+676hhGIm++maNST1Apw==",
      "optional": true
    },
    "colors": {
      "version": "1.4.0",
      "resolved": "http://192.168.3.117/colors/-/colors-1.4.0.tgz",
      "integrity": "sha512-a+UqTh4kgZg/SlGvfbzDHpgRu7AAQOmmqRHJnxhRZICKFUT91brVhNNt58CMWU9PsBbv3PDCZUHbVxuDiH2mtA=="
    },
    "colors.js": {
      "version": "1.2.4",
      "resolved": "http://192.168.3.117/colors.js/-/colors.js-1.2.4.tgz",
      "integrity": "sha512-L0WwXcT55bCbziygKNCYRBfCpSqoDSFTFJ+8PlDBrDB3cyMd9QmAXGNkvNR9ptd5tUXpkHzjBYI7u2I9beW6Cg=="
    },
    "crc": {
      "version": "4.3.2",
      "resolved": "http://192.168.3.117/crc/-/crc-4.3.2.tgz",
      "integrity": "sha512-uGDHf4KLLh2zsHa8D8hIQ1H/HtFQhyHrc0uhHBcoKGol/Xnb+MPYfUMw7cvON6ze/GUESTudKayDcJC5HnJv1A==",
      "requires": {}
    },
    "debug": {
      "version": "2.2.0",
      "resolved": "http://192.168.3.117/debug/-/debug-2.2.0.tgz",
      "integrity": "sha1-+HBX6ZWxofauaklgZkE3vFbwOdo=",
      "requires": {
        "ms": "0.7.1"
      }
    },
    "ms": {
      "version": "0.7.1",
      "resolved": "http://192.168.3.117/ms/-/ms-0.7.1.tgz",
      "integrity": "sha1-nNE8A62/8ltl7/3nzoZO6VIBcJg="
    },
    "nan": {
      "version": "2.17.0",
      "resolved": "http://192.168.3.117/nan/-/nan-2.17.0.tgz",
      "integrity": "sha512-2ZTgtl0nJsO0KQCjEpxcIr5D+Yv90plTitZt9JBfQvVJDS5seMl3FOvsh3+9CoYWXf/1l5OaZzzF6nDm4cagaQ==",
      "optional": true
    },
    "noble": {
      "version": "1.9.1",
      "resolved": "http://192.168.3.117/noble/-/noble-1.9.1.tgz",
      "integrity": "sha512-5sbPLvCh1zJqy5caq+oQQE9eYoXB/ePweLWuN8UeapWO6KgFu4SS0VeLmYc23HTfWAXKb/ey6rtEvHwn9aY5Iw==",
      "requires": {
        "bluetooth-hci-socket": "^0.5.1",
        "bplist-parser": "0.0.6",
        "debug": "~2.2.0",
        "xpc-connection": "~0.1.4"
      }
    },
    "node-addon-api": {
      "version": "4.3.0",
      "resolved": "http://192.168.3.117/node-addon-api/-/node-addon-api-4.3.0.tgz",
      "integrity": "sha512-73sE9+3UaLYYFmDsFZnqCInzPyh3MqIwZO9cw58yIqAZhONrrabrYyYe3TuIqtIiOuTXVhsGau8hcrhhwSsDIQ==",
      "optional": true
    },
    "node-gyp-build": {
      "version": "4.6.0",
      "resolved": "http://192.168.3.117/node-gyp-build/-/node-gyp-build-4.6.0.tgz",
      "integrity": "sha512-NTZVKn9IylLwUzaKjkas1e4u2DLNcV4rdYagA4PWdPwW87Bi7z+BznyKSRwS/761tV/lzCGXplWsiaMjLqP2zQ==",
      "optional": true
    },
    "usb": {
      "version": "1.9.2",
      "resolved": "http://192.168.3.117/usb/-/usb-1.9.2.tgz",
      "integrity": "sha512-dryNz030LWBPAf6gj8vyq0Iev3vPbCLHCT8dBw3gQRXRzVNsIdeuU+VjPp3ksmSPkeMAl1k+kQ14Ij0QHyeiAg==",
      "optional": true,
      "requires": {
        "node-addon-api": "^4.2.0",
        "node-gyp-build": "^4.3.0"
      }
    },
    "xpc-connection": {
      "version": "0.1.4",
      "resolved": "http://192.168.3.117/xpc-connection/-/xpc-connection-0.1.4.tgz",
      "integrity": "sha512-Np4+cx5l9zhSNrH5O5niVqVT0vBnja4IG5CxuBgCvTdWGiyujRwUTSj/FtT66KX84/MMCKpt5wIcuORBMFT6qQ==",
      "optional": true,
      "requires": {
        "nan": "^2.0.5"
      }
    }
  }
}
